packages:
  - name: elementary
    package: elementary-data/elementary
    version: 0.19.1
  - local: ./../../../../packages/domains/global/source-aligned/databricks/systems-data
    name: databricks_systems_data
  - local: ./../../../../packages/domains/global/source-aligned/elementary/dbt-metadata
    name: elementary_dbt_metadata
  - name: dbt_utils
    package: dbt-labs/dbt_utils
    version: 1.3.0
  - local: ./../../../../packages/utils/core
    name: utils_core
  - name: codegen
    package: dbt-labs/codegen
    version: 0.13.1
sha1_hash: 25210bc638093dfcd86587c748c0bf837215b8eb
