packages:
- package: dbt-labs/codegen
  name: codegen
  version: 0.13.1
- package: dbt-labs/dbt_utils
  name: dbt_utils
  version: 1.3.0
- git: https://{{ env_var('DBT_ENV_SECRET_GIT_CREDENTIAL') }}@github.com/octopus-energy/dbt-projects
  name: utils_core
  revision: |
    9adf0b66dc5b5f3565954c05dd6831a5aca41dd8
  warn_unpinned: false
  subdirectory: packages/utils/core
sha1_hash: 9116a60dec33d1cd5c5bed7ab05abf7cf55a32be
